<?xml version="1.0" encoding="utf-8"?>
<Project ToolsVersion="4.0" xmlns="http://schemas.microsoft.com/developer/msbuild/2003">
  <ItemGroup>
    <Filter Include="Source Files">
      <UniqueIdentifier>{4FC737F1-C7A5-4376-A066-2A32D752A2FF}</UniqueIdentifier>
      <Extensions>cpp;c;cc;cxx;def;odl;idl;hpj;bat;asm;asmx</Extensions>
    </Filter>
    <Filter Include="Header Files">
      <UniqueIdentifier>{93995380-89BD-4b04-88EB-625FBE52EBFB}</UniqueIdentifier>
      <Extensions>h;hh;hpp;hxx;hm;inl;inc;xsd</Extensions>
    </Filter>
    <Filter Include="Resource Files">
      <UniqueIdentifier>{67DA6AB6-F800-4c08-8B7A-83BB121AAD01}</UniqueIdentifier>
      <Extensions>rc;ico;cur;bmp;dlg;rc2;rct;bin;rgs;gif;jpg;jpeg;jpe;resx;tiff;tif;png;wav;mfcribbon-ms</Extensions>
    </Filter>
    <Filter Include="ext">
      <UniqueIdentifier>{fffaee20-4e23-4eec-83e0-2b0dc4b3a572}</UniqueIdentifier>
    </Filter>
    <Filter Include="Assets">
      <UniqueIdentifier>{3131e0a3-dbb8-4c20-8f48-a0c4f2a9f5fb}</UniqueIdentifier>
    </Filter>
    <Filter Include="Assets\Shaders">
      <UniqueIdentifier>{c02440cc-dc7f-412f-b232-efe87f4b0e32}</UniqueIdentifier>
    </Filter>
    <Filter Include="Assets\Textures">
      <UniqueIdentifier>{9e8c04a3-22a4-4d33-a44f-fd18c664b977}</UniqueIdentifier>
    </Filter>
    <Filter Include="Assets\Textures\Skybox">
      <UniqueIdentifier>{1b1c8e24-93a8-4185-9370-3f63dfcfd589}</UniqueIdentifier>
    </Filter>
  </ItemGroup>
  <ItemGroup>
    <ClCompile Include="main.cpp">
      <Filter>Source Files</Filter>
    </ClCompile>
    <ClCompile Include="ext\glad\src\glad.c">
      <Filter>ext</Filter>
    </ClCompile>
    <ClCompile Include="Renderer.cpp">
      <Filter>Source Files</Filter>
    </ClCompile>
    <ClCompile Include="stb_image.cpp">
      <Filter>Source Files</Filter>
    </ClCompile>
    <ClCompile Include="GLUtils.cpp">
      <Filter>Source Files</Filter>
    </ClCompile>
    <ClCompile Include="ShaderHelper.cpp">
      <Filter>Source Files</Filter>
    </ClCompile>
    <ClCompile Include="MovementSystem.cpp">
      <Filter>Source Files</Filter>
    </ClCompile>
    <ClCompile Include="InputSystem.cpp">
      <Filter>Source Files</Filter>
    </ClCompile>
    <ClCompile Include="SceneUtils.cpp">
      <Filter>Source Files</Filter>
    </ClCompile>
    <ClCompile Include="GameplayLogicSystem.cpp">
      <Filter>Source Files</Filter>
    </ClCompile>
  </ItemGroup>
  <ItemGroup>
    <ClInclude Include="MeshComponent.h">
      <Filter>Header Files</Filter>
    </ClInclude>
    <ClInclude Include="MaterialComponent.h">
      <Filter>Header Files</Filter>
    </ClInclude>
    <ClInclude Include="Scene.h">
      <Filter>Header Files</Filter>
    </ClInclude>
    <ClInclude Include="stb_image.h">
      <Filter>Header Files</Filter>
    </ClInclude>
    <ClInclude Include="GLUtils.h">
      <Filter>Header Files</Filter>
    </ClInclude>
    <ClInclude Include="ShaderHelper.h">
      <Filter>Header Files</Filter>
    </ClInclude>
    <ClInclude Include="UniformFormat.h">
      <Filter>Header Files</Filter>
    </ClInclude>
    <ClInclude Include="VertexFormat.h">
      <Filter>Header Files</Filter>
    </ClInclude>
    <ClInclude Include="RenderSystem.h">
      <Filter>Header Files</Filter>
    </ClInclude>
    <ClInclude Include="MovementSystem.h">
      <Filter>Header Files</Filter>
    </ClInclude>
    <ClInclude Include="MovementComponent.h">
      <Filter>Header Files</Filter>
    </ClInclude>
    <ClInclude Include="InputSystem.h">
      <Filter>Header Files</Filter>
    </ClInclude>
    <ClInclude Include="GLMUtils.h">
      <Filter>Header Files</Filter>
    </ClInclude>
    <ClInclude Include="SceneUtils.h">
      <Filter>Header Files</Filter>
    </ClInclude>
    <ClInclude Include="InputComponent.h">
      <Filter>Header Files</Filter>
    </ClInclude>
    <ClInclude Include="GameplayLogicSystem.h">
      <Filter>Header Files</Filter>
    </ClInclude>
    <ClInclude Include="KeyObserver.h">
      <Filter>Header Files</Filter>
    </ClInclude>
    <ClInclude Include="ShaderParams.h">
      <Filter>Header Files</Filter>
    </ClInclude>
    <ClInclude Include="Utils.h">
      <Filter>Header Files</Filter>
    </ClInclude>
    <ClInclude Include="LogicComponent.h">
      <Filter>Header Files</Filter>
    </ClInclude>
  </ItemGroup>
  <ItemGroup>
    <None Include="Assets\Shaders\default_frag.glsl">
      <Filter>Assets\Shaders</Filter>
    </None>
    <None Include="Assets\Shaders\default_vert.glsl">
      <Filter>Assets\Shaders</Filter>
    </None>
    <None Include="Assets\Shaders\threshold_frag.glsl">
      <Filter>Assets\Shaders</Filter>
    </None>
    <None Include="Assets\Shaders\skybox_frag.glsl">
      <Filter>Assets\Shaders</Filter>
    </None>
    <None Include="Assets\Shaders\skybox_vert.glsl">
      <Filter>Assets\Shaders</Filter>
    </None>
  </ItemGroup>
  <ItemGroup>
    <Image Include="Assets\Textures\PlaneTexture.jpg">
      <Filter>Assets\Textures</Filter>
    </Image>
    <Image Include="Assets\Textures\random-texture.jpg">
      <Filter>Assets\Textures</Filter>
    </Image>
    <Image Include="Assets\Textures\random-texture2.jpg">
      <Filter>Assets\Textures</Filter>
    </Image>
    <Image Include="Assets\Textures\random-texture3.png">
      <Filter>Assets\Textures</Filter>
    </Image>
    <Image Include="Assets\Textures\random-texture4.jpg">
      <Filter>Assets\Textures</Filter>
    </Image>
    <Image Include="Assets\Textures\Skybox\back.jpg">
      <Filter>Assets\Textures\Skybox</Filter>
    </Image>
    <Image Include="Assets\Textures\Skybox\bottom.jpg">
      <Filter>Assets\Textures\Skybox</Filter>
    </Image>
    <Image Include="Assets\Textures\Skybox\front.jpg">
      <Filter>Assets\Textures\Skybox</Filter>
    </Image>
    <Image Include="Assets\Textures\Skybox\left.jpg">
      <Filter>Assets\Textures\Skybox</Filter>
    </Image>
    <Image Include="Assets\Textures\Skybox\right.jpg">
      <Filter>Assets\Textures\Skybox</Filter>
    </Image>
    <Image Include="Assets\Textures\Skybox\top.jpg">
      <Filter>Assets\Textures\Skybox</Filter>
    </Image>
  </ItemGroup>
</Project>